{
  "name": "ae-swave-extensions-only-app",
  "version": "1.0.0",
  "lockfileVersion": 3,
  "requires": true,
  "packages": {
    "": {
      "name": "ae-swave-extensions-only-app",
      "version": "1.0.0",
      "license": "UNLICENSED",
      "workspaces": [
        "extensions/*"
      ]
    }
  }
}
